
Microsoft Visual Studio Solution File, Format Version 12.00
# Visual Studio Version 16
VisualStudioVersion = 16.0.33423.256
MinimumVisualStudioVersion = 10.0.40219.1
Project("{FAE04EC0-301F-11D3-BF4B-00C04F79EFBC}") = "2023_5_17_1205_김한은", "2023_5_17_1205_김한은\2023_5_17_1205_김한은.csproj", "{CD051896-B259-478E-8706-0A712F631281}"
EndProject
Project("{FAE04EC0-301F-11D3-BF4B-00C04F79EFBC}") = "Cat", "Cat\Cat.csproj", "{91F1B203-0263-48A1-A744-1E1609F80720}"
EndProject
Global
	GlobalSection(SolutionConfigurationPlatforms) = preSolution
		Debug|Any CPU = Debug|Any CPU
		Release|Any CPU = Release|Any CPU
	EndGlobalSection
	GlobalSection(ProjectConfigurationPlatforms) = postSolution
		{CD051896-B259-478E-8706-0A712F631281}.Debug|Any CPU.ActiveCfg = Debug|Any CPU
		{CD051896-B259-478E-8706-0A712F631281}.Debug|Any CPU.Build.0 = Debug|Any CPU
		{CD051896-B259-478E-8706-0A712F631281}.Release|Any CPU.ActiveCfg = Release|Any CPU
		{CD051896-B259-478E-8706-0A712F631281}.Release|Any CPU.Build.0 = Release|Any CPU
		{91F1B203-0263-48A1-A744-1E1609F80720}.Debug|Any CPU.ActiveCfg = Debug|Any CPU
		{91F1B203-0263-48A1-A744-1E1609F80720}.Debug|Any CPU.Build.0 = Debug|Any CPU
		{91F1B203-0263-48A1-A744-1E1609F80720}.Release|Any CPU.ActiveCfg = Release|Any CPU
		{91F1B203-0263-48A1-A744-1E1609F80720}.Release|Any CPU.Build.0 = Release|Any CPU
	EndGlobalSection
	GlobalSection(SolutionProperties) = preSolution
		HideSolutionNode = FALSE
	EndGlobalSection
	GlobalSection(ExtensibilityGlobals) = postSolution
		SolutionGuid = {C3F95244-6AB3-4125-BC22-AC0482E3E8E3}
	EndGlobalSection
EndGlobal
