
Microsoft Visual Studio Solution File, Format Version 12.00
# Visual Studio Version 16
VisualStudioVersion = 16.0.33423.256
MinimumVisualStudioVersion = 10.0.40219.1
Project("{FAE04EC0-301F-11D3-BF4B-00C04F79EFBC}") = "2023_3_29_1205_김한은", "2023_3_29_1205_김한은\2023_3_29_1205_김한은.csproj", "{FEBF8FAF-0E0B-4099-BBCB-CF48CA859741}"
EndProject
Global
	GlobalSection(SolutionConfigurationPlatforms) = preSolution
		Debug|Any CPU = Debug|Any CPU
		Release|Any CPU = Release|Any CPU
	EndGlobalSection
	GlobalSection(ProjectConfigurationPlatforms) = postSolution
		{FEBF8FAF-0E0B-4099-BBCB-CF48CA859741}.Debug|Any CPU.ActiveCfg = Debug|Any CPU
		{FEBF8FAF-0E0B-4099-BBCB-CF48CA859741}.Debug|Any CPU.Build.0 = Debug|Any CPU
		{FEBF8FAF-0E0B-4099-BBCB-CF48CA859741}.Release|Any CPU.ActiveCfg = Release|Any CPU
		{FEBF8FAF-0E0B-4099-BBCB-CF48CA859741}.Release|Any CPU.Build.0 = Release|Any CPU
	EndGlobalSection
	GlobalSection(SolutionProperties) = preSolution
		HideSolutionNode = FALSE
	EndGlobalSection
	GlobalSection(ExtensibilityGlobals) = postSolution
		SolutionGuid = {267B56E1-9226-4960-8D07-6C12A9952CA1}
	EndGlobalSection
EndGlobal
