
Microsoft Visual Studio Solution File, Format Version 12.00
# Visual Studio Version 16
VisualStudioVersion = 16.0.33423.256
MinimumVisualStudioVersion = 10.0.40219.1
Project("{FAE04EC0-301F-11D3-BF4B-00C04F79EFBC}") = "2023_4_25_1025_김한은", "2023_4_25_1025_김한은\2023_4_25_1025_김한은.csproj", "{B96E471E-1424-48AD-AB47-DA3752F22681}"
EndProject
Global
	GlobalSection(SolutionConfigurationPlatforms) = preSolution
		Debug|Any CPU = Debug|Any CPU
		Release|Any CPU = Release|Any CPU
	EndGlobalSection
	GlobalSection(ProjectConfigurationPlatforms) = postSolution
		{B96E471E-1424-48AD-AB47-DA3752F22681}.Debug|Any CPU.ActiveCfg = Debug|Any CPU
		{B96E471E-1424-48AD-AB47-DA3752F22681}.Debug|Any CPU.Build.0 = Debug|Any CPU
		{B96E471E-1424-48AD-AB47-DA3752F22681}.Release|Any CPU.ActiveCfg = Release|Any CPU
		{B96E471E-1424-48AD-AB47-DA3752F22681}.Release|Any CPU.Build.0 = Release|Any CPU
	EndGlobalSection
	GlobalSection(SolutionProperties) = preSolution
		HideSolutionNode = FALSE
	EndGlobalSection
	GlobalSection(ExtensibilityGlobals) = postSolution
		SolutionGuid = {79BEF761-C1B3-4DF3-B686-E70FACACE200}
	EndGlobalSection
EndGlobal
