
Microsoft Visual Studio Solution File, Format Version 12.00
# Visual Studio Version 16
VisualStudioVersion = 16.0.34114.132
MinimumVisualStudioVersion = 10.0.40219.1
Project("{FAE04EC0-301F-11D3-BF4B-00C04F79EFBC}") = "ThreadTest", "ThreadTest\ThreadTest.csproj", "{46FAED38-5610-4D1B-92D8-982D4D0794B3}"
EndProject
Project("{2150E333-8FDC-42A3-9474-1A3956D46DE8}") = "Solution Items", "Solution Items", "{C22D5DFE-59A8-4657-A54E-639E1389BF84}"
EndProject
Global
	GlobalSection(SolutionConfigurationPlatforms) = preSolution
		Debug|Any CPU = Debug|Any CPU
		Release|Any CPU = Release|Any CPU
	EndGlobalSection
	GlobalSection(ProjectConfigurationPlatforms) = postSolution
		{46FAED38-5610-4D1B-92D8-982D4D0794B3}.Debug|Any CPU.ActiveCfg = Debug|Any CPU
		{46FAED38-5610-4D1B-92D8-982D4D0794B3}.Debug|Any CPU.Build.0 = Debug|Any CPU
		{46FAED38-5610-4D1B-92D8-982D4D0794B3}.Release|Any CPU.ActiveCfg = Release|Any CPU
		{46FAED38-5610-4D1B-92D8-982D4D0794B3}.Release|Any CPU.Build.0 = Release|Any CPU
	EndGlobalSection
	GlobalSection(SolutionProperties) = preSolution
		HideSolutionNode = FALSE
	EndGlobalSection
	GlobalSection(ExtensibilityGlobals) = postSolution
		SolutionGuid = {CCC3F464-5DC9-44EB-80A2-B3F324D2C7EE}
	EndGlobalSection
EndGlobal
